
Microsoft Visual Studio Solution File, Format Version 12.00
# Visual Studio Version 17
VisualStudioVersion = 17.5.002.0
MinimumVisualStudioVersion = 10.0.40219.1
Project("{9A19103F-16F7-4668-BE54-9A1E7A4F7556}") = "Min", "Min.csproj", "{EE69360A-F193-485C-8317-AAD3D9B52008}"
EndProject
Global
	GlobalSection(SolutionConfigurationPlatforms) = preSolution
		Debug|Any CPU = Debug|Any CPU
		Release|Any CPU = Release|Any CPU
	EndGlobalSection
	GlobalSection(ProjectConfigurationPlatforms) = postSolution
		{EE69360A-F193-485C-8317-AAD3D9B52008}.Debug|Any CPU.ActiveCfg = Debug|Any CPU
		{EE69360A-F193-485C-8317-AAD3D9B52008}.Debug|Any CPU.Build.0 = Debug|Any CPU
		{EE69360A-F193-485C-8317-AAD3D9B52008}.Release|Any CPU.ActiveCfg = Release|Any CPU
		{EE69360A-F193-485C-8317-AAD3D9B52008}.Release|Any CPU.Build.0 = Release|Any CPU
	EndGlobalSection
	GlobalSection(SolutionProperties) = preSolution
		HideSolutionNode = FALSE
	EndGlobalSection
	GlobalSection(ExtensibilityGlobals) = postSolution
		SolutionGuid = {073A9DD4-0C60-45A1-9B07-151EF75070B3}
	EndGlobalSection
EndGlobal
